
Microsoft Visual Studio Solution File, Format Version 12.00
# Visual Studio 15
VisualStudioVersion = 15.0.28307.136
MinimumVisualStudioVersion = 10.0.40219.1
Project("{FAE04EC0-301F-11D3-BF4B-00C04F79EFBC}") = "MasterCrupt", "MasterCrupt\MasterCrupt.csproj", "{D996CF33-1C64-496C-8BF8-975D78C7A243}"
EndProject
Project("{FAE04EC0-301F-11D3-BF4B-00C04F79EFBC}") = "Ui", "Ui\Ui.csproj", "{FD9CD897-6EA7-4A75-9D9A-F7CCD216C1C4}"
EndProject
Project("{FAE04EC0-301F-11D3-BF4B-00C04F79EFBC}") = "Stranger", "Stranger\Stranger.csproj", "{009035F1-47C9-4765-A81D-FD35D1ED09C4}"
EndProject
Global
	GlobalSection(SolutionConfigurationPlatforms) = preSolution
		Debug|Any CPU = Debug|Any CPU
		Release|Any CPU = Release|Any CPU
	EndGlobalSection
	GlobalSection(ProjectConfigurationPlatforms) = postSolution
		{D996CF33-1C64-496C-8BF8-975D78C7A243}.Debug|Any CPU.ActiveCfg = Debug|Any CPU
		{D996CF33-1C64-496C-8BF8-975D78C7A243}.Debug|Any CPU.Build.0 = Debug|Any CPU
		{D996CF33-1C64-496C-8BF8-975D78C7A243}.Release|Any CPU.ActiveCfg = Release|Any CPU
		{D996CF33-1C64-496C-8BF8-975D78C7A243}.Release|Any CPU.Build.0 = Release|Any CPU
		{FD9CD897-6EA7-4A75-9D9A-F7CCD216C1C4}.Debug|Any CPU.ActiveCfg = Debug|Any CPU
		{FD9CD897-6EA7-4A75-9D9A-F7CCD216C1C4}.Debug|Any CPU.Build.0 = Debug|Any CPU
		{FD9CD897-6EA7-4A75-9D9A-F7CCD216C1C4}.Release|Any CPU.ActiveCfg = Release|Any CPU
		{FD9CD897-6EA7-4A75-9D9A-F7CCD216C1C4}.Release|Any CPU.Build.0 = Release|Any CPU
		{009035F1-47C9-4765-A81D-FD35D1ED09C4}.Debug|Any CPU.ActiveCfg = Debug|Any CPU
		{009035F1-47C9-4765-A81D-FD35D1ED09C4}.Debug|Any CPU.Build.0 = Debug|Any CPU
		{009035F1-47C9-4765-A81D-FD35D1ED09C4}.Release|Any CPU.ActiveCfg = Release|Any CPU
		{009035F1-47C9-4765-A81D-FD35D1ED09C4}.Release|Any CPU.Build.0 = Release|Any CPU
	EndGlobalSection
	GlobalSection(SolutionProperties) = preSolution
		HideSolutionNode = FALSE
	EndGlobalSection
	GlobalSection(ExtensibilityGlobals) = postSolution
		SolutionGuid = {0CEEA1AA-B9D0-4A45-A529-0205FAFA84F4}
	EndGlobalSection
EndGlobal
